
Microsoft Visual Studio Solution File, Format Version 12.00
# Visual Studio 15
VisualStudioVersion = 15.0.27703.2026
MinimumVisualStudioVersion = 10.0.40219.1
Project("{FAE04EC0-301F-11D3-BF4B-00C04F79EFBC}") = "Blackjack", "Blackjack\Blackjack.csproj", "{165D53BA-CD2B-4A75-B324-259F5E1892D9}"
EndProject
Global
	GlobalSection(SolutionConfigurationPlatforms) = preSolution
		Debug|Any CPU = Debug|Any CPU
		Release|Any CPU = Release|Any CPU
	EndGlobalSection
	GlobalSection(ProjectConfigurationPlatforms) = postSolution
		{165D53BA-CD2B-4A75-B324-259F5E1892D9}.Debug|Any CPU.ActiveCfg = Debug|Any CPU
		{165D53BA-CD2B-4A75-B324-259F5E1892D9}.Debug|Any CPU.Build.0 = Debug|Any CPU
		{165D53BA-CD2B-4A75-B324-259F5E1892D9}.Release|Any CPU.ActiveCfg = Release|Any CPU
		{165D53BA-CD2B-4A75-B324-259F5E1892D9}.Release|Any CPU.Build.0 = Release|Any CPU
	EndGlobalSection
	GlobalSection(SolutionProperties) = preSolution
		HideSolutionNode = FALSE
	EndGlobalSection
	GlobalSection(ExtensibilityGlobals) = postSolution
		SolutionGuid = {B970C530-5C1A-4DF1-ADAA-E53A62DD2529}
	EndGlobalSection
EndGlobal
